
Microsoft Visual Studio Solution File, Format Version 12.00
# Visual Studio 2012
Project("{FAE04EC0-301F-11D3-BF4B-00C04F79EFBC}") = "RestEasy", "RestEasy.csproj", "{D98CCD83-008A-4636-BDCE-9E8B7EB17BB1}"
EndProject
Project("{FAE04EC0-301F-11D3-BF4B-00C04F79EFBC}") = "RestEasy.Example", "RestEasy.Example\RestEasy.Example.csproj", "{367CAF8B-F5CF-488A-A6BA-0850F238DB57}"
EndProject
Global
	GlobalSection(SolutionConfigurationPlatforms) = preSolution
		Debug|Any CPU = Debug|Any CPU
		Release|Any CPU = Release|Any CPU
	EndGlobalSection
	GlobalSection(ProjectConfigurationPlatforms) = postSolution
		{D98CCD83-008A-4636-BDCE-9E8B7EB17BB1}.Debug|Any CPU.ActiveCfg = Debug|Any CPU
		{D98CCD83-008A-4636-BDCE-9E8B7EB17BB1}.Debug|Any CPU.Build.0 = Debug|Any CPU
		{D98CCD83-008A-4636-BDCE-9E8B7EB17BB1}.Release|Any CPU.ActiveCfg = Release|Any CPU
		{D98CCD83-008A-4636-BDCE-9E8B7EB17BB1}.Release|Any CPU.Build.0 = Release|Any CPU
		{367CAF8B-F5CF-488A-A6BA-0850F238DB57}.Debug|Any CPU.ActiveCfg = Debug|Any CPU
		{367CAF8B-F5CF-488A-A6BA-0850F238DB57}.Debug|Any CPU.Build.0 = Debug|Any CPU
		{367CAF8B-F5CF-488A-A6BA-0850F238DB57}.Release|Any CPU.ActiveCfg = Release|Any CPU
		{367CAF8B-F5CF-488A-A6BA-0850F238DB57}.Release|Any CPU.Build.0 = Release|Any CPU
	EndGlobalSection
	GlobalSection(SolutionProperties) = preSolution
		HideSolutionNode = FALSE
	EndGlobalSection
EndGlobal
