
Microsoft Visual Studio Solution File, Format Version 12.00
# Visual Studio 2012
Project("{FAE04EC0-301F-11D3-BF4B-00C04F79EFBC}") = "SlimRest", "source\SlimRest\SlimRest.csproj", "{D98CCD83-008A-4636-BDCE-9E8B7EB17BB1}"
EndProject
Project("{2150E333-8FDC-42A3-9474-1A3956D46DE8}") = ".nuget", ".nuget", "{8E202F15-811D-426E-B54C-526BB1B7CC50}"
	ProjectSection(SolutionItems) = preProject
		.nuget\NuGet.Config = .nuget\NuGet.Config
		.nuget\NuGet.exe = .nuget\NuGet.exe
		.nuget\NuGet.targets = .nuget\NuGet.targets
		source\SlimRest\SlimRest.nuspec = source\SlimRest\SlimRest.nuspec
	EndProjectSection
EndProject
Global
	GlobalSection(SolutionConfigurationPlatforms) = preSolution
		Debug|Any CPU = Debug|Any CPU
		Release|Any CPU = Release|Any CPU
	EndGlobalSection
	GlobalSection(ProjectConfigurationPlatforms) = postSolution
		{D98CCD83-008A-4636-BDCE-9E8B7EB17BB1}.Debug|Any CPU.ActiveCfg = Debug|Any CPU
		{D98CCD83-008A-4636-BDCE-9E8B7EB17BB1}.Debug|Any CPU.Build.0 = Debug|Any CPU
		{D98CCD83-008A-4636-BDCE-9E8B7EB17BB1}.Release|Any CPU.ActiveCfg = Release|Any CPU
		{D98CCD83-008A-4636-BDCE-9E8B7EB17BB1}.Release|Any CPU.Build.0 = Release|Any CPU
	EndGlobalSection
	GlobalSection(SolutionProperties) = preSolution
		HideSolutionNode = FALSE
	EndGlobalSection
EndGlobal
